
Microsoft Visual Studio Solution File, Format Version 12.00
# Visual Studio Version 16
VisualStudioVersion = 16.0.31313.79
MinimumVisualStudioVersion = 10.0.40219.1
Project("{8BC9CEB8-8B4A-11D0-8D11-00A0C91BC942}") = "OpenGLDemo", "OpenGLDemo\OpenGLDemo.vcxproj", "{75A9DC8E-9085-4DD6-983B-65EB0625E2A7}"
EndProject
Global
	GlobalSection(SolutionConfigurationPlatforms) = preSolution
		Debug|x64 = Debug|x64
		Debug|x86 = Debug|x86
		Release|x64 = Release|x64
		Release|x86 = Release|x86
	EndGlobalSection
	GlobalSection(ProjectConfigurationPlatforms) = postSolution
		{75A9DC8E-9085-4DD6-983B-65EB0625E2A7}.Debug|x64.ActiveCfg = Debug|x64
		{75A9DC8E-9085-4DD6-983B-65EB0625E2A7}.Debug|x64.Build.0 = Debug|x64
		{75A9DC8E-9085-4DD6-983B-65EB0625E2A7}.Debug|x86.ActiveCfg = Debug|Win32
		{75A9DC8E-9085-4DD6-983B-65EB0625E2A7}.Debug|x86.Build.0 = Debug|Win32
		{75A9DC8E-9085-4DD6-983B-65EB0625E2A7}.Release|x64.ActiveCfg = Release|x64
		{75A9DC8E-9085-4DD6-983B-65EB0625E2A7}.Release|x64.Build.0 = Release|x64
		{75A9DC8E-9085-4DD6-983B-65EB0625E2A7}.Release|x86.ActiveCfg = Release|Win32
		{75A9DC8E-9085-4DD6-983B-65EB0625E2A7}.Release|x86.Build.0 = Release|Win32
	EndGlobalSection
	GlobalSection(SolutionProperties) = preSolution
		HideSolutionNode = FALSE
	EndGlobalSection
	GlobalSection(ExtensibilityGlobals) = postSolution
		SolutionGuid = {548DE9A6-55FB-4876-BDB4-6FB425D565A7}
	EndGlobalSection
EndGlobal
